
Microsoft Visual Studio Solution File, Format Version 12.00
# Visual Studio Version 17
VisualStudioVersion = 17.6.33417.168
MinimumVisualStudioVersion = 10.0.40219.1
Project("{FAE04EC0-301F-11D3-BF4B-00C04F79EFBC}") = "VueJsDemoWebApi", "VueJsDemoWebApi\VueJsDemoWebApi.csproj", "{2F549350-BB1C-4D3B-8B94-9956B4CE8FC5}"
EndProject
Global
	GlobalSection(SolutionConfigurationPlatforms) = preSolution
		Debug|Any CPU = Debug|Any CPU
		Release|Any CPU = Release|Any CPU
	EndGlobalSection
	GlobalSection(ProjectConfigurationPlatforms) = postSolution
		{2F549350-BB1C-4D3B-8B94-9956B4CE8FC5}.Debug|Any CPU.ActiveCfg = Debug|Any CPU
		{2F549350-BB1C-4D3B-8B94-9956B4CE8FC5}.Debug|Any CPU.Build.0 = Debug|Any CPU
		{2F549350-BB1C-4D3B-8B94-9956B4CE8FC5}.Release|Any CPU.ActiveCfg = Release|Any CPU
		{2F549350-BB1C-4D3B-8B94-9956B4CE8FC5}.Release|Any CPU.Build.0 = Release|Any CPU
	EndGlobalSection
	GlobalSection(SolutionProperties) = preSolution
		HideSolutionNode = FALSE
	EndGlobalSection
	GlobalSection(ExtensibilityGlobals) = postSolution
		SolutionGuid = {06C361DA-CF08-4240-B95F-1EB44FF34EAB}
	EndGlobalSection
EndGlobal
